
Microsoft Visual Studio Solution File, Format Version 10.00
# Visual Studio 2008
Project("{8BC9CEB8-8B4A-11D0-8D11-00A0C91BC942}") = "CaptureScreen", "CaptureScreen\CaptureScreen.vcproj", "{DC0A4074-95E1-4783-A1BD-ED6D06F02DE8}"
EndProject
Global
	GlobalSection(SolutionConfigurationPlatforms) = preSolution
		Debug|Win32 = Debug|Win32
		Release|Win32 = Release|Win32
	EndGlobalSection
	GlobalSection(ProjectConfigurationPlatforms) = postSolution
		{DC0A4074-95E1-4783-A1BD-ED6D06F02DE8}.Debug|Win32.ActiveCfg = Debug|Win32
		{DC0A4074-95E1-4783-A1BD-ED6D06F02DE8}.Debug|Win32.Build.0 = Debug|Win32
		{DC0A4074-95E1-4783-A1BD-ED6D06F02DE8}.Release|Win32.ActiveCfg = Release|Win32
		{DC0A4074-95E1-4783-A1BD-ED6D06F02DE8}.Release|Win32.Build.0 = Release|Win32
	EndGlobalSection
	GlobalSection(SolutionProperties) = preSolution
		HideSolutionNode = FALSE
	EndGlobalSection
EndGlobal
